
Microsoft Visual Studio Solution File, Format Version 12.00
# Visual Studio Version 17
VisualStudioVersion = 17.11.35303.130
MinimumVisualStudioVersion = 10.0.40219.1
Project("{FAE04EC0-301F-11D3-BF4B-00C04F79EFBC}") = "SaleSystemR.Domain", "SaleSystemR.Domain\SaleSystemR.Domain.csproj", "{AB5E36D3-B4BC-4076-A3D6-F46454C0C943}"
EndProject
Project("{FAE04EC0-301F-11D3-BF4B-00C04F79EFBC}") = "SaleSystemR.Persistence", "SaleSystemR.Persistence\SaleSystemR.Persistence.csproj", "{CCB02F43-FF69-433E-B594-A10685EA2DBF}"
EndProject
Project("{FAE04EC0-301F-11D3-BF4B-00C04F79EFBC}") = "SaleSystemR.Api", "SaleSystemR.Api\SaleSystemR.Api.csproj", "{6EA2A547-96A2-4B0A-A2E7-D71308A30ACF}"
EndProject
Global
	GlobalSection(SolutionConfigurationPlatforms) = preSolution
		Debug|Any CPU = Debug|Any CPU
		Release|Any CPU = Release|Any CPU
	EndGlobalSection
	GlobalSection(ProjectConfigurationPlatforms) = postSolution
		{AB5E36D3-B4BC-4076-A3D6-F46454C0C943}.Debug|Any CPU.ActiveCfg = Debug|Any CPU
		{AB5E36D3-B4BC-4076-A3D6-F46454C0C943}.Debug|Any CPU.Build.0 = Debug|Any CPU
		{AB5E36D3-B4BC-4076-A3D6-F46454C0C943}.Release|Any CPU.ActiveCfg = Release|Any CPU
		{AB5E36D3-B4BC-4076-A3D6-F46454C0C943}.Release|Any CPU.Build.0 = Release|Any CPU
		{CCB02F43-FF69-433E-B594-A10685EA2DBF}.Debug|Any CPU.ActiveCfg = Debug|Any CPU
		{CCB02F43-FF69-433E-B594-A10685EA2DBF}.Debug|Any CPU.Build.0 = Debug|Any CPU
		{CCB02F43-FF69-433E-B594-A10685EA2DBF}.Release|Any CPU.ActiveCfg = Release|Any CPU
		{CCB02F43-FF69-433E-B594-A10685EA2DBF}.Release|Any CPU.Build.0 = Release|Any CPU
		{6EA2A547-96A2-4B0A-A2E7-D71308A30ACF}.Debug|Any CPU.ActiveCfg = Debug|Any CPU
		{6EA2A547-96A2-4B0A-A2E7-D71308A30ACF}.Debug|Any CPU.Build.0 = Debug|Any CPU
		{6EA2A547-96A2-4B0A-A2E7-D71308A30ACF}.Release|Any CPU.ActiveCfg = Release|Any CPU
		{6EA2A547-96A2-4B0A-A2E7-D71308A30ACF}.Release|Any CPU.Build.0 = Release|Any CPU
	EndGlobalSection
	GlobalSection(SolutionProperties) = preSolution
		HideSolutionNode = FALSE
	EndGlobalSection
	GlobalSection(ExtensibilityGlobals) = postSolution
		SolutionGuid = {965F8786-D3C2-4ABB-AC32-C531B167C71E}
	EndGlobalSection
EndGlobal
